
Microsoft Visual Studio Solution File, Format Version 11.00
# Visual Studio 2010
Project("{FAE04EC0-301F-11D3-BF4B-00C04F79EFBC}") = "x0", "x0\x0.csproj", "{E2D3BC6D-35F4-43F5-A6C6-0CF76AE7FBAB}"
EndProject
Global
	GlobalSection(SolutionConfigurationPlatforms) = preSolution
		Debug|x86 = Debug|x86
		Release|x86 = Release|x86
	EndGlobalSection
	GlobalSection(ProjectConfigurationPlatforms) = postSolution
		{E2D3BC6D-35F4-43F5-A6C6-0CF76AE7FBAB}.Debug|x86.ActiveCfg = Debug|x86
		{E2D3BC6D-35F4-43F5-A6C6-0CF76AE7FBAB}.Debug|x86.Build.0 = Debug|x86
		{E2D3BC6D-35F4-43F5-A6C6-0CF76AE7FBAB}.Release|x86.ActiveCfg = Release|x86
		{E2D3BC6D-35F4-43F5-A6C6-0CF76AE7FBAB}.Release|x86.Build.0 = Release|x86
	EndGlobalSection
	GlobalSection(SolutionProperties) = preSolution
		HideSolutionNode = FALSE
	EndGlobalSection
EndGlobal
